
Microsoft Visual Studio Solution File, Format Version 12.00
# Visual Studio Version 16
VisualStudioVersion = 16.0.30309.148
MinimumVisualStudioVersion = 10.0.40219.1
Project("{FAE04EC0-301F-11D3-BF4B-00C04F79EFBC}") = "demo", "demo.csproj", "{2B95AE0D-4715-457C-AF93-BEB54A842C8E}"
EndProject
Global
	GlobalSection(SolutionConfigurationPlatforms) = preSolution
		Debug|Any CPU = Debug|Any CPU
		Release|Any CPU = Release|Any CPU
	EndGlobalSection
	GlobalSection(ProjectConfigurationPlatforms) = postSolution
		{2B95AE0D-4715-457C-AF93-BEB54A842C8E}.Debug|Any CPU.ActiveCfg = Debug|Any CPU
		{2B95AE0D-4715-457C-AF93-BEB54A842C8E}.Debug|Any CPU.Build.0 = Debug|Any CPU
		{2B95AE0D-4715-457C-AF93-BEB54A842C8E}.Release|Any CPU.ActiveCfg = Release|Any CPU
		{2B95AE0D-4715-457C-AF93-BEB54A842C8E}.Release|Any CPU.Build.0 = Release|Any CPU
	EndGlobalSection
	GlobalSection(SolutionProperties) = preSolution
		HideSolutionNode = FALSE
	EndGlobalSection
	GlobalSection(ExtensibilityGlobals) = postSolution
		SolutionGuid = {CBCC5155-C3C1-4B19-9497-A9543D210CD7}
	EndGlobalSection
EndGlobal
